
Microsoft Visual Studio Solution File, Format Version 12.00
# Visual Studio Version 17
VisualStudioVersion = 17.2.32210.308
MinimumVisualStudioVersion = 10.0.40219.1
Project("{8BC9CEB8-8B4A-11D0-8D11-00A0C91BC942}") = "SWT", "SWT\SWT.vcxproj", "{D9178999-4DF4-4431-9227-F20320CBD217}"
EndProject
Project("{8BC9CEB8-8B4A-11D0-8D11-00A0C91BC942}") = "SWTDLL", "SWTDLL\SWTDLL.vcxproj", "{2FEFE530-9A1D-4A09-AC46-BAF73FD321B4}"
EndProject
Global
	GlobalSection(SolutionConfigurationPlatforms) = preSolution
		Debug|x64 = Debug|x64
		Debug|x86 = Debug|x86
		Release|x64 = Release|x64
		Release|x86 = Release|x86
	EndGlobalSection
	GlobalSection(ProjectConfigurationPlatforms) = postSolution
		{D9178999-4DF4-4431-9227-F20320CBD217}.Debug|x64.ActiveCfg = Debug|x64
		{D9178999-4DF4-4431-9227-F20320CBD217}.Debug|x64.Build.0 = Debug|x64
		{D9178999-4DF4-4431-9227-F20320CBD217}.Debug|x86.ActiveCfg = Debug|Win32
		{D9178999-4DF4-4431-9227-F20320CBD217}.Debug|x86.Build.0 = Debug|Win32
		{D9178999-4DF4-4431-9227-F20320CBD217}.Release|x64.ActiveCfg = Release|x64
		{D9178999-4DF4-4431-9227-F20320CBD217}.Release|x64.Build.0 = Release|x64
		{D9178999-4DF4-4431-9227-F20320CBD217}.Release|x86.ActiveCfg = Release|Win32
		{D9178999-4DF4-4431-9227-F20320CBD217}.Release|x86.Build.0 = Release|Win32
		{2FEFE530-9A1D-4A09-AC46-BAF73FD321B4}.Debug|x64.ActiveCfg = Debug|x64
		{2FEFE530-9A1D-4A09-AC46-BAF73FD321B4}.Debug|x64.Build.0 = Debug|x64
		{2FEFE530-9A1D-4A09-AC46-BAF73FD321B4}.Debug|x86.ActiveCfg = Debug|Win32
		{2FEFE530-9A1D-4A09-AC46-BAF73FD321B4}.Debug|x86.Build.0 = Debug|Win32
		{2FEFE530-9A1D-4A09-AC46-BAF73FD321B4}.Release|x64.ActiveCfg = Release|x64
		{2FEFE530-9A1D-4A09-AC46-BAF73FD321B4}.Release|x64.Build.0 = Release|x64
		{2FEFE530-9A1D-4A09-AC46-BAF73FD321B4}.Release|x86.ActiveCfg = Release|Win32
		{2FEFE530-9A1D-4A09-AC46-BAF73FD321B4}.Release|x86.Build.0 = Release|Win32
	EndGlobalSection
	GlobalSection(SolutionProperties) = preSolution
		HideSolutionNode = FALSE
	EndGlobalSection
	GlobalSection(ExtensibilityGlobals) = postSolution
		SolutionGuid = {3DCECA6D-E1BD-4652-AD08-E5262B9044B7}
	EndGlobalSection
EndGlobal
