<?xml version="1.0" encoding="utf-8"?>
<Project ToolsVersion="4.0" xmlns="http://schemas.microsoft.com/developer/msbuild/2003">
  <ItemGroup>
    <Filter Include="Source Files">
      <UniqueIdentifier>{4FC737F1-C7A5-4376-A066-2A32D752A2FF}</UniqueIdentifier>
      <Extensions>cpp;c;cc;cxx;c++;cppm;ixx;def;odl;idl;hpj;bat;asm;asmx</Extensions>
    </Filter>
    <Filter Include="Header Files">
      <UniqueIdentifier>{93995380-89BD-4b04-88EB-625FBE52EBFB}</UniqueIdentifier>
      <Extensions>h;hh;hpp;hxx;h++;hm;inl;inc;ipp;xsd</Extensions>
    </Filter>
    <Filter Include="Libraries">
      <UniqueIdentifier>{d009f049-67ad-4b00-93a6-b2760ff5a8ac}</UniqueIdentifier>
    </Filter>
    <Filter Include="Libraries\TinyExpr">
      <UniqueIdentifier>{7862dbcf-5180-4318-815b-1366cfa179c7}</UniqueIdentifier>
    </Filter>
  </ItemGroup>
  <ItemGroup>
    <ClCompile Include="SWT.cpp">
      <Filter>Source Files</Filter>
    </ClCompile>
    <ClCompile Include="TinyExpr\tinyexpr.c">
      <Filter>Libraries\TinyExpr</Filter>
    </ClCompile>
    <ClCompile Include="Features\Features.cpp">
      <Filter>Source Files</Filter>
    </ClCompile>
    <ClCompile Include="ImprovedDynamicMenu\DynamicMenu.cpp">
      <Filter>Source Files</Filter>
    </ClCompile>
    <ClCompile Include="Options\Options.cpp">
      <Filter>Source Files</Filter>
    </ClCompile>
  </ItemGroup>
  <ItemGroup>
    <ClInclude Include="TinyExpr\tinyexpr.h">
      <Filter>Libraries\TinyExpr</Filter>
    </ClInclude>
    <ClInclude Include="Features\Features.h">
      <Filter>Header Files</Filter>
    </ClInclude>
    <ClInclude Include="Resource%28Icons%29\resource.h">
      <Filter>Header Files</Filter>
    </ClInclude>
    <ClInclude Include="DynamicArray\DynamicArray.h">
      <Filter>Header Files</Filter>
    </ClInclude>
    <ClInclude Include="ImprovedDynamicMenu\UnicodeTextGenerator\UnicodeTextGenerator.h">
      <Filter>Header Files</Filter>
    </ClInclude>
    <ClInclude Include="ImprovedDynamicMenu\DynamicMenu.h">
      <Filter>Header Files</Filter>
    </ClInclude>
    <ClInclude Include="Options\Options.h">
      <Filter>Header Files</Filter>
    </ClInclude>
  </ItemGroup>
  <ItemGroup>
    <None Include="..\README.md" />
  </ItemGroup>
  <ItemGroup>
    <ResourceCompile Include="Resource(Icons)\SWT.rc" />
  </ItemGroup>
</Project>